// !$*UTF8*$!
{
	archiveVersion = 1;
	classes = {
	};
	objectVersion = 46;
	objects = {

/* Begin PBXBuildFile section */
		380F0F352AD543AD99959930 /* libPods-Tamarin.a in Frameworks */ = {isa = PBXBuildFile; fileRef = FDFD212BA1744A27BC8842EB /* libPods-Tamarin.a */; };
		DB17F71F193591730075AEFB /* PollCell.m in Sources */ = {isa = PBXBuildFile; fileRef = DB17F71D193591730075AEFB /* PollCell.m */; };
		DB17F7221935941C0075AEFB /* heart.png in Resources */ = {isa = PBXBuildFile; fileRef = DB17F7211935941C0075AEFB /* heart.png */; };
		DB17F725193595270075AEFB /* Microsoft-logo.png in Resources */ = {isa = PBXBuildFile; fileRef = DB17F723193595270075AEFB /* Microsoft-logo.png */; };
		DB17F726193595270075AEFB /* silver-apple-logo.png in Resources */ = {isa = PBXBuildFile; fileRef = DB17F724193595270075AEFB /* silver-apple-logo.png */; };
		DB17F7281935958B0075AEFB /* photo.jpg in Resources */ = {isa = PBXBuildFile; fileRef = DB17F7271935958B0075AEFB /* photo.jpg */; };
		DB17F72E1935A1F00075AEFB /* dots.png in Resources */ = {isa = PBXBuildFile; fileRef = DB17F7291935A1F00075AEFB /* dots.png */; };
		DB17F72F1935A1F00075AEFB /* green.png in Resources */ = {isa = PBXBuildFile; fileRef = DB17F72A1935A1F00075AEFB /* green.png */; };
		DB17F7301935A1F00075AEFB /* profile.png in Resources */ = {isa = PBXBuildFile; fileRef = DB17F72B1935A1F00075AEFB /* profile.png */; };
		DB17F7311935A1F00075AEFB /* red.png in Resources */ = {isa = PBXBuildFile; fileRef = DB17F72C1935A1F00075AEFB /* red.png */; };
		DB17F7321935A1F00075AEFB /* tree.png in Resources */ = {isa = PBXBuildFile; fileRef = DB17F72D1935A1F00075AEFB /* tree.png */; };
		DB17F7351935AD4B0075AEFB /* HomeVC.m in Sources */ = {isa = PBXBuildFile; fileRef = DB17F7341935AD4B0075AEFB /* HomeVC.m */; };
		DB17F7391935B0EA0075AEFB /* ProfileVC.m in Sources */ = {isa = PBXBuildFile; fileRef = DB17F7381935B0EA0075AEFB /* ProfileVC.m */; };
		DB26562A191EAA220008C752 /* Foundation.framework in Frameworks */ = {isa = PBXBuildFile; fileRef = DB265629191EAA220008C752 /* Foundation.framework */; };
		DB26562C191EAA220008C752 /* CoreGraphics.framework in Frameworks */ = {isa = PBXBuildFile; fileRef = DB26562B191EAA220008C752 /* CoreGraphics.framework */; };
		DB26562E191EAA220008C752 /* UIKit.framework in Frameworks */ = {isa = PBXBuildFile; fileRef = DB26562D191EAA220008C752 /* UIKit.framework */; };
		DB265634191EAA220008C752 /* InfoPlist.strings in Resources */ = {isa = PBXBuildFile; fileRef = DB265632191EAA220008C752 /* InfoPlist.strings */; };
		DB265636191EAA220008C752 /* main.m in Sources */ = {isa = PBXBuildFile; fileRef = DB265635191EAA220008C752 /* main.m */; };
		DB26563A191EAA220008C752 /* AppDelegate.m in Sources */ = {isa = PBXBuildFile; fileRef = DB265639191EAA220008C752 /* AppDelegate.m */; };
		DB26563D191EAA220008C752 /* Main.storyboard in Resources */ = {isa = PBXBuildFile; fileRef = DB26563B191EAA220008C752 /* Main.storyboard */; };
		DB265645191EAA230008C752 /* Images.xcassets in Resources */ = {isa = PBXBuildFile; fileRef = DB265644191EAA230008C752 /* Images.xcassets */; };
		DB26564C191EAA230008C752 /* XCTest.framework in Frameworks */ = {isa = PBXBuildFile; fileRef = DB26564B191EAA230008C752 /* XCTest.framework */; };
		DB26564D191EAA230008C752 /* Foundation.framework in Frameworks */ = {isa = PBXBuildFile; fileRef = DB265629191EAA220008C752 /* Foundation.framework */; };
		DB26564E191EAA230008C752 /* UIKit.framework in Frameworks */ = {isa = PBXBuildFile; fileRef = DB26562D191EAA220008C752 /* UIKit.framework */; };
		DB265656191EAA230008C752 /* InfoPlist.strings in Resources */ = {isa = PBXBuildFile; fileRef = DB265654191EAA230008C752 /* InfoPlist.strings */; };
		DB265658191EAA230008C752 /* TamarinTests.m in Sources */ = {isa = PBXBuildFile; fileRef = DB265657191EAA230008C752 /* TamarinTests.m */; };
		DB32C835193A92C200B00C6A /* Poll.m in Sources */ = {isa = PBXBuildFile; fileRef = DB32C834193A92C200B00C6A /* Poll.m */; };
		DB32C838193A938D00B00C6A /* User.m in Sources */ = {isa = PBXBuildFile; fileRef = DB32C837193A938D00B00C6A /* User.m */; };
		DB32C83B193A947300B00C6A /* Notification.m in Sources */ = {isa = PBXBuildFile; fileRef = DB32C83A193A947300B00C6A /* Notification.m */; };
		DB32C83E193AAD6500B00C6A /* Comment.m in Sources */ = {isa = PBXBuildFile; fileRef = DB32C83D193AAD6500B00C6A /* Comment.m */; };
		DB32C841193AADD700B00C6A /* SettingsVC.m in Sources */ = {isa = PBXBuildFile; fileRef = DB32C840193AADD700B00C6A /* SettingsVC.m */; };
		DB32C844193AAE2200B00C6A /* NotificationSettingsVC.m in Sources */ = {isa = PBXBuildFile; fileRef = DB32C843193AAE2200B00C6A /* NotificationSettingsVC.m */; };
		DB32C847193AB09A00B00C6A /* NotificationsVC.m in Sources */ = {isa = PBXBuildFile; fileRef = DB32C846193AB09A00B00C6A /* NotificationsVC.m */; };
		DB32C84A193AB11D00B00C6A /* FriendsVC.m in Sources */ = {isa = PBXBuildFile; fileRef = DB32C849193AB11D00B00C6A /* FriendsVC.m */; };
		DB32C84D193AB13A00B00C6A /* ShareVC.m in Sources */ = {isa = PBXBuildFile; fileRef = DB32C84C193AB13A00B00C6A /* ShareVC.m */; };
		DB32C850193AB16B00B00C6A /* LoginVC.m in Sources */ = {isa = PBXBuildFile; fileRef = DB32C84F193AB16B00B00C6A /* LoginVC.m */; };
		DB32C853193AB1A100B00C6A /* EditProfileVC.m in Sources */ = {isa = PBXBuildFile; fileRef = DB32C852193AB1A100B00C6A /* EditProfileVC.m */; };
		DB32C856193AB1EF00B00C6A /* SearchVC.m in Sources */ = {isa = PBXBuildFile; fileRef = DB32C855193AB1EF00B00C6A /* SearchVC.m */; };
		DB32C859193AB21200B00C6A /* NotificationCell.m in Sources */ = {isa = PBXBuildFile; fileRef = DB32C858193AB21200B00C6A /* NotificationCell.m */; };
		DB32C85C193AB26800B00C6A /* CreateVC.m in Sources */ = {isa = PBXBuildFile; fileRef = DB32C85B193AB26800B00C6A /* CreateVC.m */; };
		DB32C85E193AB2D300B00C6A /* tamarinDB in Resources */ = {isa = PBXBuildFile; fileRef = DB32C85D193AB2D300B00C6A /* tamarinDB */; };
		DB6CDF51193ACEB9005785E7 /* UserCell.m in Sources */ = {isa = PBXBuildFile; fileRef = DB6CDF50193ACEB9005785E7 /* UserCell.m */; };
/* End PBXBuildFile section */

/* Begin PBXContainerItemProxy section */
		DB26564F191EAA230008C752 /* PBXContainerItemProxy */ = {
			isa = PBXContainerItemProxy;
			containerPortal = DB26561E191EAA220008C752 /* Project object */;
			proxyType = 1;
			remoteGlobalIDString = DB265625191EAA220008C752;
			remoteInfo = Tamarin;
		};
/* End PBXContainerItemProxy section */

/* Begin PBXFileReference section */
		DB17F71C193591730075AEFB /* PollCell.h */ = {isa = PBXFileReference; fileEncoding = 4; lastKnownFileType = sourcecode.c.h; name = PollCell.h; path = Cells/PollCell.h; sourceTree = "<group>"; };
		DB17F71D193591730075AEFB /* PollCell.m */ = {isa = PBXFileReference; fileEncoding = 4; lastKnownFileType = sourcecode.c.objc; name = PollCell.m; path = Cells/PollCell.m; sourceTree = "<group>"; };
		DB17F7211935941C0075AEFB /* heart.png */ = {isa = PBXFileReference; lastKnownFileType = image.png; name = heart.png; path = Resources/heart.png; sourceTree = "<group>"; };
		DB17F723193595270075AEFB /* Microsoft-logo.png */ = {isa = PBXFileReference; lastKnownFileType = image.png; name = "Microsoft-logo.png"; path = "Resources/Microsoft-logo.png"; sourceTree = "<group>"; };
		DB17F724193595270075AEFB /* silver-apple-logo.png */ = {isa = PBXFileReference; lastKnownFileType = image.png; name = "silver-apple-logo.png"; path = "Resources/silver-apple-logo.png"; sourceTree = "<group>"; };
		DB17F7271935958B0075AEFB /* photo.jpg */ = {isa = PBXFileReference; lastKnownFileType = image.jpeg; name = photo.jpg; path = Resources/photo.jpg; sourceTree = "<group>"; };
		DB17F7291935A1F00075AEFB /* dots.png */ = {isa = PBXFileReference; lastKnownFileType = image.png; name = dots.png; path = Resources/dots.png; sourceTree = "<group>"; };
		DB17F72A1935A1F00075AEFB /* green.png */ = {isa = PBXFileReference; lastKnownFileType = image.png; name = green.png; path = Resources/green.png; sourceTree = "<group>"; };
		DB17F72B1935A1F00075AEFB /* profile.png */ = {isa = PBXFileReference; lastKnownFileType = image.png; name = profile.png; path = Resources/profile.png; sourceTree = "<group>"; };
		DB17F72C1935A1F00075AEFB /* red.png */ = {isa = PBXFileReference; lastKnownFileType = image.png; name = red.png; path = Resources/red.png; sourceTree = "<group>"; };
		DB17F72D1935A1F00075AEFB /* tree.png */ = {isa = PBXFileReference; lastKnownFileType = image.png; name = tree.png; path = Resources/tree.png; sourceTree = "<group>"; };
		DB17F7331935AD4B0075AEFB /* HomeVC.h */ = {isa = PBXFileReference; fileEncoding = 4; lastKnownFileType = sourcecode.c.h; name = HomeVC.h; path = ViewControllers/HomeVC.h; sourceTree = "<group>"; };
		DB17F7341935AD4B0075AEFB /* HomeVC.m */ = {isa = PBXFileReference; fileEncoding = 4; lastKnownFileType = sourcecode.c.objc; name = HomeVC.m; path = ViewControllers/HomeVC.m; sourceTree = "<group>"; };
		DB17F7371935B0EA0075AEFB /* ProfileVC.h */ = {isa = PBXFileReference; fileEncoding = 4; lastKnownFileType = sourcecode.c.h; name = ProfileVC.h; path = ViewControllers/ProfileVC.h; sourceTree = "<group>"; };
		DB17F7381935B0EA0075AEFB /* ProfileVC.m */ = {isa = PBXFileReference; fileEncoding = 4; lastKnownFileType = sourcecode.c.objc; name = ProfileVC.m; path = ViewControllers/ProfileVC.m; sourceTree = "<group>"; };
		DB265626191EAA220008C752 /* Tamarin.app */ = {isa = PBXFileReference; explicitFileType = wrapper.application; includeInIndex = 0; path = Tamarin.app; sourceTree = BUILT_PRODUCTS_DIR; };
		DB265629191EAA220008C752 /* Foundation.framework */ = {isa = PBXFileReference; lastKnownFileType = wrapper.framework; name = Foundation.framework; path = System/Library/Frameworks/Foundation.framework; sourceTree = SDKROOT; };
		DB26562B191EAA220008C752 /* CoreGraphics.framework */ = {isa = PBXFileReference; lastKnownFileType = wrapper.framework; name = CoreGraphics.framework; path = System/Library/Frameworks/CoreGraphics.framework; sourceTree = SDKROOT; };
		DB26562D191EAA220008C752 /* UIKit.framework */ = {isa = PBXFileReference; lastKnownFileType = wrapper.framework; name = UIKit.framework; path = System/Library/Frameworks/UIKit.framework; sourceTree = SDKROOT; };
		DB265631191EAA220008C752 /* Tamarin-Info.plist */ = {isa = PBXFileReference; lastKnownFileType = text.plist.xml; path = "Tamarin-Info.plist"; sourceTree = "<group>"; };
		DB265633191EAA220008C752 /* en */ = {isa = PBXFileReference; lastKnownFileType = text.plist.strings; name = en; path = en.lproj/InfoPlist.strings; sourceTree = "<group>"; };
		DB265635191EAA220008C752 /* main.m */ = {isa = PBXFileReference; lastKnownFileType = sourcecode.c.objc; path = main.m; sourceTree = "<group>"; };
		DB265637191EAA220008C752 /* Tamarin-Prefix.pch */ = {isa = PBXFileReference; lastKnownFileType = sourcecode.c.h; path = "Tamarin-Prefix.pch"; sourceTree = "<group>"; };
		DB265638191EAA220008C752 /* AppDelegate.h */ = {isa = PBXFileReference; lastKnownFileType = sourcecode.c.h; path = AppDelegate.h; sourceTree = "<group>"; };
		DB265639191EAA220008C752 /* AppDelegate.m */ = {isa = PBXFileReference; lastKnownFileType = sourcecode.c.objc; path = AppDelegate.m; sourceTree = "<group>"; };
		DB26563C191EAA220008C752 /* Base */ = {isa = PBXFileReference; lastKnownFileType = file.storyboard; name = Base; path = Base.lproj/Main.storyboard; sourceTree = "<group>"; };
		DB265644191EAA230008C752 /* Images.xcassets */ = {isa = PBXFileReference; lastKnownFileType = folder.assetcatalog; path = Images.xcassets; sourceTree = "<group>"; };
		DB26564A191EAA230008C752 /* TamarinTests.xctest */ = {isa = PBXFileReference; explicitFileType = wrapper.cfbundle; includeInIndex = 0; path = TamarinTests.xctest; sourceTree = BUILT_PRODUCTS_DIR; };
		DB26564B191EAA230008C752 /* XCTest.framework */ = {isa = PBXFileReference; lastKnownFileType = wrapper.framework; name = XCTest.framework; path = Library/Frameworks/XCTest.framework; sourceTree = DEVELOPER_DIR; };
		DB265653191EAA230008C752 /* TamarinTests-Info.plist */ = {isa = PBXFileReference; lastKnownFileType = text.plist.xml; path = "TamarinTests-Info.plist"; sourceTree = "<group>"; };
		DB265655191EAA230008C752 /* en */ = {isa = PBXFileReference; lastKnownFileType = text.plist.strings; name = en; path = en.lproj/InfoPlist.strings; sourceTree = "<group>"; };
		DB265657191EAA230008C752 /* TamarinTests.m */ = {isa = PBXFileReference; lastKnownFileType = sourcecode.c.objc; path = TamarinTests.m; sourceTree = "<group>"; };
		DB32C833193A92C200B00C6A /* Poll.h */ = {isa = PBXFileReference; fileEncoding = 4; lastKnownFileType = sourcecode.c.h; name = Poll.h; path = Objects/Poll.h; sourceTree = "<group>"; };
		DB32C834193A92C200B00C6A /* Poll.m */ = {isa = PBXFileReference; fileEncoding = 4; lastKnownFileType = sourcecode.c.objc; name = Poll.m; path = Objects/Poll.m; sourceTree = "<group>"; };
		DB32C836193A938D00B00C6A /* User.h */ = {isa = PBXFileReference; fileEncoding = 4; lastKnownFileType = sourcecode.c.h; name = User.h; path = Objects/User.h; sourceTree = "<group>"; };
		DB32C837193A938D00B00C6A /* User.m */ = {isa = PBXFileReference; fileEncoding = 4; lastKnownFileType = sourcecode.c.objc; name = User.m; path = Objects/User.m; sourceTree = "<group>"; };
		DB32C839193A947300B00C6A /* Notification.h */ = {isa = PBXFileReference; fileEncoding = 4; lastKnownFileType = sourcecode.c.h; name = Notification.h; path = Objects/Notification.h; sourceTree = "<group>"; };
		DB32C83A193A947300B00C6A /* Notification.m */ = {isa = PBXFileReference; fileEncoding = 4; lastKnownFileType = sourcecode.c.objc; name = Notification.m; path = Objects/Notification.m; sourceTree = "<group>"; };
		DB32C83C193AAD6500B00C6A /* Comment.h */ = {isa = PBXFileReference; fileEncoding = 4; lastKnownFileType = sourcecode.c.h; name = Comment.h; path = Objects/Comment.h; sourceTree = "<group>"; };
		DB32C83D193AAD6500B00C6A /* Comment.m */ = {isa = PBXFileReference; fileEncoding = 4; lastKnownFileType = sourcecode.c.objc; name = Comment.m; path = Objects/Comment.m; sourceTree = "<group>"; };
		DB32C83F193AADD700B00C6A /* SettingsVC.h */ = {isa = PBXFileReference; fileEncoding = 4; lastKnownFileType = sourcecode.c.h; name = SettingsVC.h; path = ViewControllers/SettingsVC.h; sourceTree = "<group>"; };
		DB32C840193AADD700B00C6A /* SettingsVC.m */ = {isa = PBXFileReference; fileEncoding = 4; lastKnownFileType = sourcecode.c.objc; name = SettingsVC.m; path = ViewControllers/SettingsVC.m; sourceTree = "<group>"; };
		DB32C842193AAE2200B00C6A /* NotificationSettingsVC.h */ = {isa = PBXFileReference; fileEncoding = 4; lastKnownFileType = sourcecode.c.h; name = NotificationSettingsVC.h; path = ViewControllers/NotificationSettingsVC.h; sourceTree = "<group>"; };
		DB32C843193AAE2200B00C6A /* NotificationSettingsVC.m */ = {isa = PBXFileReference; fileEncoding = 4; lastKnownFileType = sourcecode.c.objc; name = NotificationSettingsVC.m; path = ViewControllers/NotificationSettingsVC.m; sourceTree = "<group>"; };
		DB32C845193AB09A00B00C6A /* NotificationsVC.h */ = {isa = PBXFileReference; fileEncoding = 4; lastKnownFileType = sourcecode.c.h; name = NotificationsVC.h; path = ViewControllers/NotificationsVC.h; sourceTree = "<group>"; };
		DB32C846193AB09A00B00C6A /* NotificationsVC.m */ = {isa = PBXFileReference; fileEncoding = 4; lastKnownFileType = sourcecode.c.objc; name = NotificationsVC.m; path = ViewControllers/NotificationsVC.m; sourceTree = "<group>"; };
		DB32C848193AB11D00B00C6A /* FriendsVC.h */ = {isa = PBXFileReference; fileEncoding = 4; lastKnownFileType = sourcecode.c.h; name = FriendsVC.h; path = ViewControllers/FriendsVC.h; sourceTree = "<group>"; };
		DB32C849193AB11D00B00C6A /* FriendsVC.m */ = {isa = PBXFileReference; fileEncoding = 4; lastKnownFileType = sourcecode.c.objc; name = FriendsVC.m; path = ViewControllers/FriendsVC.m; sourceTree = "<group>"; };
		DB32C84B193AB13A00B00C6A /* ShareVC.h */ = {isa = PBXFileReference; fileEncoding = 4; lastKnownFileType = sourcecode.c.h; name = ShareVC.h; path = ViewControllers/ShareVC.h; sourceTree = "<group>"; };
		DB32C84C193AB13A00B00C6A /* ShareVC.m */ = {isa = PBXFileReference; fileEncoding = 4; lastKnownFileType = sourcecode.c.objc; name = ShareVC.m; path = ViewControllers/ShareVC.m; sourceTree = "<group>"; };
		DB32C84E193AB16B00B00C6A /* LoginVC.h */ = {isa = PBXFileReference; fileEncoding = 4; lastKnownFileType = sourcecode.c.h; name = LoginVC.h; path = ViewControllers/LoginVC.h; sourceTree = "<group>"; };
		DB32C84F193AB16B00B00C6A /* LoginVC.m */ = {isa = PBXFileReference; fileEncoding = 4; lastKnownFileType = sourcecode.c.objc; name = LoginVC.m; path = ViewControllers/LoginVC.m; sourceTree = "<group>"; };
		DB32C851193AB1A100B00C6A /* EditProfileVC.h */ = {isa = PBXFileReference; fileEncoding = 4; lastKnownFileType = sourcecode.c.h; name = EditProfileVC.h; path = ViewControllers/EditProfileVC.h; sourceTree = "<group>"; };
		DB32C852193AB1A100B00C6A /* EditProfileVC.m */ = {isa = PBXFileReference; fileEncoding = 4; lastKnownFileType = sourcecode.c.objc; name = EditProfileVC.m; path = ViewControllers/EditProfileVC.m; sourceTree = "<group>"; };
		DB32C854193AB1EF00B00C6A /* SearchVC.h */ = {isa = PBXFileReference; fileEncoding = 4; lastKnownFileType = sourcecode.c.h; name = SearchVC.h; path = ViewControllers/SearchVC.h; sourceTree = "<group>"; };
		DB32C855193AB1EF00B00C6A /* SearchVC.m */ = {isa = PBXFileReference; fileEncoding = 4; lastKnownFileType = sourcecode.c.objc; name = SearchVC.m; path = ViewControllers/SearchVC.m; sourceTree = "<group>"; };
		DB32C857193AB21200B00C6A /* NotificationCell.h */ = {isa = PBXFileReference; fileEncoding = 4; lastKnownFileType = sourcecode.c.h; name = NotificationCell.h; path = Cells/NotificationCell.h; sourceTree = "<group>"; };
		DB32C858193AB21200B00C6A /* NotificationCell.m */ = {isa = PBXFileReference; fileEncoding = 4; lastKnownFileType = sourcecode.c.objc; name = NotificationCell.m; path = Cells/NotificationCell.m; sourceTree = "<group>"; };
		DB32C85A193AB26800B00C6A /* CreateVC.h */ = {isa = PBXFileReference; fileEncoding = 4; lastKnownFileType = sourcecode.c.h; name = CreateVC.h; path = ViewControllers/CreateVC.h; sourceTree = "<group>"; };
		DB32C85B193AB26800B00C6A /* CreateVC.m */ = {isa = PBXFileReference; fileEncoding = 4; lastKnownFileType = sourcecode.c.objc; name = CreateVC.m; path = ViewControllers/CreateVC.m; sourceTree = "<group>"; };
		DB32C85D193AB2D300B00C6A /* tamarinDB */ = {isa = PBXFileReference; lastKnownFileType = file; path = tamarinDB; sourceTree = "<group>"; };
		DB6CDF4F193ACEB9005785E7 /* UserCell.h */ = {isa = PBXFileReference; fileEncoding = 4; lastKnownFileType = sourcecode.c.h; name = UserCell.h; path = Cells/UserCell.h; sourceTree = "<group>"; };
		DB6CDF50193ACEB9005785E7 /* UserCell.m */ = {isa = PBXFileReference; fileEncoding = 4; lastKnownFileType = sourcecode.c.objc; name = UserCell.m; path = Cells/UserCell.m; sourceTree = "<group>"; };
		FDFD212BA1744A27BC8842EB /* libPods-Tamarin.a */ = {isa = PBXFileReference; explicitFileType = archive.ar; includeInIndex = 0; path = "libPods-Tamarin.a"; sourceTree = BUILT_PRODUCTS_DIR; };
		FFC37536026A4617B537688A /* Pods-Tamarin.xcconfig */ = {isa = PBXFileReference; includeInIndex = 1; lastKnownFileType = text.xcconfig; name = "Pods-Tamarin.xcconfig"; path = "Pods/Pods-Tamarin.xcconfig"; sourceTree = "<group>"; };
/* End PBXFileReference section */

/* Begin PBXFrameworksBuildPhase section */
		DB265623191EAA220008C752 /* Frameworks */ = {
			isa = PBXFrameworksBuildPhase;
			buildActionMask = 2147483647;
			files = (
				DB26562C191EAA220008C752 /* CoreGraphics.framework in Frameworks */,
				DB26562E191EAA220008C752 /* UIKit.framework in Frameworks */,
				DB26562A191EAA220008C752 /* Foundation.framework in Frameworks */,
				380F0F352AD543AD99959930 /* libPods-Tamarin.a in Frameworks */,
			);
			runOnlyForDeploymentPostprocessing = 0;
		};
		DB265647191EAA230008C752 /* Frameworks */ = {
			isa = PBXFrameworksBuildPhase;
			buildActionMask = 2147483647;
			files = (
				DB26564C191EAA230008C752 /* XCTest.framework in Frameworks */,
				DB26564E191EAA230008C752 /* UIKit.framework in Frameworks */,
				DB26564D191EAA230008C752 /* Foundation.framework in Frameworks */,
			);
			runOnlyForDeploymentPostprocessing = 0;
		};
/* End PBXFrameworksBuildPhase section */

/* Begin PBXGroup section */
		DB17F71B1934E7640075AEFB /* Resources */ = {
			isa = PBXGroup;
			children = (
				DB32C85D193AB2D300B00C6A /* tamarinDB */,
				DB17F7291935A1F00075AEFB /* dots.png */,
				DB17F72A1935A1F00075AEFB /* green.png */,
				DB17F72B1935A1F00075AEFB /* profile.png */,
				DB17F72C1935A1F00075AEFB /* red.png */,
				DB17F72D1935A1F00075AEFB /* tree.png */,
				DB17F7271935958B0075AEFB /* photo.jpg */,
				DB17F723193595270075AEFB /* Microsoft-logo.png */,
				DB17F724193595270075AEFB /* silver-apple-logo.png */,
				DB17F7211935941C0075AEFB /* heart.png */,
			);
			name = Resources;
			sourceTree = "<group>";
		};
		DB17F7361935B08F0075AEFB /* View Controllers */ = {
			isa = PBXGroup;
			children = (
				DB6CDF52193AE376005785E7 /* Tab Bar */,
				DB32C83F193AADD700B00C6A /* SettingsVC.h */,
				DB32C840193AADD700B00C6A /* SettingsVC.m */,
				DB32C842193AAE2200B00C6A /* NotificationSettingsVC.h */,
				DB32C843193AAE2200B00C6A /* NotificationSettingsVC.m */,
				DB32C848193AB11D00B00C6A /* FriendsVC.h */,
				DB32C849193AB11D00B00C6A /* FriendsVC.m */,
				DB32C84B193AB13A00B00C6A /* ShareVC.h */,
				DB32C84C193AB13A00B00C6A /* ShareVC.m */,
				DB32C84E193AB16B00B00C6A /* LoginVC.h */,
				DB32C84F193AB16B00B00C6A /* LoginVC.m */,
				DB32C851193AB1A100B00C6A /* EditProfileVC.h */,
				DB32C852193AB1A100B00C6A /* EditProfileVC.m */,
				DB32C854193AB1EF00B00C6A /* SearchVC.h */,
				DB32C855193AB1EF00B00C6A /* SearchVC.m */,
			);
			name = "View Controllers";
			sourceTree = "<group>";
		};
		DB26561D191EAA220008C752 = {
			isa = PBXGroup;
			children = (
				DB26562F191EAA220008C752 /* Tamarin */,
				DB265651191EAA230008C752 /* TamarinTests */,
				DB265628191EAA220008C752 /* Frameworks */,
				DB265627191EAA220008C752 /* Products */,
				FFC37536026A4617B537688A /* Pods-Tamarin.xcconfig */,
			);
			sourceTree = "<group>";
		};
		DB265627191EAA220008C752 /* Products */ = {
			isa = PBXGroup;
			children = (
				DB265626191EAA220008C752 /* Tamarin.app */,
				DB26564A191EAA230008C752 /* TamarinTests.xctest */,
			);
			name = Products;
			sourceTree = "<group>";
		};
		DB265628191EAA220008C752 /* Frameworks */ = {
			isa = PBXGroup;
			children = (
				DB265629191EAA220008C752 /* Foundation.framework */,
				DB26562B191EAA220008C752 /* CoreGraphics.framework */,
				DB26562D191EAA220008C752 /* UIKit.framework */,
				DB26564B191EAA230008C752 /* XCTest.framework */,
				FDFD212BA1744A27BC8842EB /* libPods-Tamarin.a */,
			);
			name = Frameworks;
			sourceTree = "<group>";
		};
		DB26562F191EAA220008C752 /* Tamarin */ = {
			isa = PBXGroup;
			children = (
				DB17F7361935B08F0075AEFB /* View Controllers */,
				DB17F71B1934E7640075AEFB /* Resources */,
				DB265662191EC0C10008C752 /* Cells */,
				DB265661191EC01D0008C752 /* Objects */,
				DB265638191EAA220008C752 /* AppDelegate.h */,
				DB265639191EAA220008C752 /* AppDelegate.m */,
				DB26563B191EAA220008C752 /* Main.storyboard */,
				DB265644191EAA230008C752 /* Images.xcassets */,
				DB265630191EAA220008C752 /* Supporting Files */,
			);
			path = Tamarin;
			sourceTree = "<group>";
		};
		DB265630191EAA220008C752 /* Supporting Files */ = {
			isa = PBXGroup;
			children = (
				DB265631191EAA220008C752 /* Tamarin-Info.plist */,
				DB265632191EAA220008C752 /* InfoPlist.strings */,
				DB265635191EAA220008C752 /* main.m */,
				DB265637191EAA220008C752 /* Tamarin-Prefix.pch */,
			);
			name = "Supporting Files";
			sourceTree = "<group>";
		};
		DB265651191EAA230008C752 /* TamarinTests */ = {
			isa = PBXGroup;
			children = (
				DB265657191EAA230008C752 /* TamarinTests.m */,
				DB265652191EAA230008C752 /* Supporting Files */,
			);
			path = TamarinTests;
			sourceTree = "<group>";
		};
		DB265652191EAA230008C752 /* Supporting Files */ = {
			isa = PBXGroup;
			children = (
				DB265653191EAA230008C752 /* TamarinTests-Info.plist */,
				DB265654191EAA230008C752 /* InfoPlist.strings */,
			);
			name = "Supporting Files";
			sourceTree = "<group>";
		};
		DB265661191EC01D0008C752 /* Objects */ = {
			isa = PBXGroup;
			children = (
				DB32C833193A92C200B00C6A /* Poll.h */,
				DB32C834193A92C200B00C6A /* Poll.m */,
				DB32C836193A938D00B00C6A /* User.h */,
				DB32C837193A938D00B00C6A /* User.m */,
				DB32C839193A947300B00C6A /* Notification.h */,
				DB32C83A193A947300B00C6A /* Notification.m */,
				DB32C83C193AAD6500B00C6A /* Comment.h */,
				DB32C83D193AAD6500B00C6A /* Comment.m */,
			);
			name = Objects;
			sourceTree = "<group>";
		};
		DB265662191EC0C10008C752 /* Cells */ = {
			isa = PBXGroup;
			children = (
				DB17F71C193591730075AEFB /* PollCell.h */,
				DB17F71D193591730075AEFB /* PollCell.m */,
				DB32C857193AB21200B00C6A /* NotificationCell.h */,
				DB32C858193AB21200B00C6A /* NotificationCell.m */,
				DB6CDF4F193ACEB9005785E7 /* UserCell.h */,
				DB6CDF50193ACEB9005785E7 /* UserCell.m */,
			);
			name = Cells;
			sourceTree = "<group>";
		};
		DB6CDF52193AE376005785E7 /* Tab Bar */ = {
			isa = PBXGroup;
			children = (
				DB17F7331935AD4B0075AEFB /* HomeVC.h */,
				DB17F7341935AD4B0075AEFB /* HomeVC.m */,
				DB17F7371935B0EA0075AEFB /* ProfileVC.h */,
				DB17F7381935B0EA0075AEFB /* ProfileVC.m */,
				DB32C845193AB09A00B00C6A /* NotificationsVC.h */,
				DB32C846193AB09A00B00C6A /* NotificationsVC.m */,
				DB32C85A193AB26800B00C6A /* CreateVC.h */,
				DB32C85B193AB26800B00C6A /* CreateVC.m */,
			);
			name = "Tab Bar";
			sourceTree = "<group>";
		};
/* End PBXGroup section */

/* Begin PBXNativeTarget section */
		DB265625191EAA220008C752 /* Tamarin */ = {
			isa = PBXNativeTarget;
			buildConfigurationList = DB26565B191EAA230008C752 /* Build configuration list for PBXNativeTarget "Tamarin" */;
			buildPhases = (
				B1535A21F2724CE3B4B7E66E /* Check Pods Manifest.lock */,
				DB265622191EAA220008C752 /* Sources */,
				DB265623191EAA220008C752 /* Frameworks */,
				DB265624191EAA220008C752 /* Resources */,
				81982CA043194A8DAEB700CF /* Copy Pods Resources */,
			);
			buildRules = (
			);
			dependencies = (
			);
			name = Tamarin;
			productName = Tamarin;
			productReference = DB265626191EAA220008C752 /* Tamarin.app */;
			productType = "com.apple.product-type.application";
		};
		DB265649191EAA230008C752 /* TamarinTests */ = {
			isa = PBXNativeTarget;
			buildConfigurationList = DB26565E191EAA230008C752 /* Build configuration list for PBXNativeTarget "TamarinTests" */;
			buildPhases = (
				DB265646191EAA230008C752 /* Sources */,
				DB265647191EAA230008C752 /* Frameworks */,
				DB265648191EAA230008C752 /* Resources */,
			);
			buildRules = (
			);
			dependencies = (
				DB265650191EAA230008C752 /* PBXTargetDependency */,
			);
			name = TamarinTests;
			productName = TamarinTests;
			productReference = DB26564A191EAA230008C752 /* TamarinTests.xctest */;
			productType = "com.apple.product-type.bundle.unit-test";
		};
/* End PBXNativeTarget section */

/* Begin PBXProject section */
		DB26561E191EAA220008C752 /* Project object */ = {
			isa = PBXProject;
			attributes = {
				LastUpgradeCheck = 0510;
				ORGANIZATIONNAME = "Nappix Apps";
				TargetAttributes = {
					DB265649191EAA230008C752 = {
						TestTargetID = DB265625191EAA220008C752;
					};
				};
			};
			buildConfigurationList = DB265621191EAA220008C752 /* Build configuration list for PBXProject "Tamarin" */;
			compatibilityVersion = "Xcode 3.2";
			developmentRegion = English;
			hasScannedForEncodings = 0;
			knownRegions = (
				en,
				Base,
			);
			mainGroup = DB26561D191EAA220008C752;
			productRefGroup = DB265627191EAA220008C752 /* Products */;
			projectDirPath = "";
			projectRoot = "";
			targets = (
				DB265625191EAA220008C752 /* Tamarin */,
				DB265649191EAA230008C752 /* TamarinTests */,
			);
		};
/* End PBXProject section */

/* Begin PBXResourcesBuildPhase section */
		DB265624191EAA220008C752 /* Resources */ = {
			isa = PBXResourcesBuildPhase;
			buildActionMask = 2147483647;
			files = (
				DB265645191EAA230008C752 /* Images.xcassets in Resources */,
				DB17F72E1935A1F00075AEFB /* dots.png in Resources */,
				DB17F7281935958B0075AEFB /* photo.jpg in Resources */,
				DB17F7221935941C0075AEFB /* heart.png in Resources */,
				DB17F726193595270075AEFB /* silver-apple-logo.png in Resources */,
				DB265634191EAA220008C752 /* InfoPlist.strings in Resources */,
				DB17F72F1935A1F00075AEFB /* green.png in Resources */,
				DB17F7301935A1F00075AEFB /* profile.png in Resources */,
				DB32C85E193AB2D300B00C6A /* tamarinDB in Resources */,
				DB17F7311935A1F00075AEFB /* red.png in Resources */,
				DB17F7321935A1F00075AEFB /* tree.png in Resources */,
				DB26563D191EAA220008C752 /* Main.storyboard in Resources */,
				DB17F725193595270075AEFB /* Microsoft-logo.png in Resources */,
			);
			runOnlyForDeploymentPostprocessing = 0;
		};
		DB265648191EAA230008C752 /* Resources */ = {
			isa = PBXResourcesBuildPhase;
			buildActionMask = 2147483647;
			files = (
				DB265656191EAA230008C752 /* InfoPlist.strings in Resources */,
			);
			runOnlyForDeploymentPostprocessing = 0;
		};
/* End PBXResourcesBuildPhase section */

/* Begin PBXShellScriptBuildPhase section */
		81982CA043194A8DAEB700CF /* Copy Pods Resources */ = {
			isa = PBXShellScriptBuildPhase;
			buildActionMask = 2147483647;
			files = (
			);
			inputPaths = (
			);
			name = "Copy Pods Resources";
			outputPaths = (
			);
			runOnlyForDeploymentPostprocessing = 0;
			shellPath = /bin/sh;
			shellScript = "\"${SRCROOT}/Pods/Pods-Tamarin-resources.sh\"\n";
			showEnvVarsInLog = 0;
		};
		B1535A21F2724CE3B4B7E66E /* Check Pods Manifest.lock */ = {
			isa = PBXShellScriptBuildPhase;
			buildActionMask = 2147483647;
			files = (
			);
			inputPaths = (
			);
			name = "Check Pods Manifest.lock";
			outputPaths = (
			);
			runOnlyForDeploymentPostprocessing = 0;
			shellPath = /bin/sh;
			shellScript = "diff \"${PODS_ROOT}/../Podfile.lock\" \"${PODS_ROOT}/Manifest.lock\" > /dev/null\nif [[ $? != 0 ]] ; then\n    cat << EOM\nerror: The sandbox is not in sync with the Podfile.lock. Run 'pod install' or update your CocoaPods installation.\nEOM\n    exit 1\nfi\n";
			showEnvVarsInLog = 0;
		};
/* End PBXShellScriptBuildPhase section */

/* Begin PBXSourcesBuildPhase section */
		DB265622191EAA220008C752 /* Sources */ = {
			isa = PBXSourcesBuildPhase;
			buildActionMask = 2147483647;
			files = (
				DB32C83B193A947300B00C6A /* Notification.m in Sources */,
				DB32C841193AADD700B00C6A /* SettingsVC.m in Sources */,
				DB32C850193AB16B00B00C6A /* LoginVC.m in Sources */,
				DB32C84D193AB13A00B00C6A /* ShareVC.m in Sources */,
				DB32C859193AB21200B00C6A /* NotificationCell.m in Sources */,
				DB17F71F193591730075AEFB /* PollCell.m in Sources */,
				DB32C847193AB09A00B00C6A /* NotificationsVC.m in Sources */,
				DB32C838193A938D00B00C6A /* User.m in Sources */,
				DB6CDF51193ACEB9005785E7 /* UserCell.m in Sources */,
				DB32C85C193AB26800B00C6A /* CreateVC.m in Sources */,
				DB17F7391935B0EA0075AEFB /* ProfileVC.m in Sources */,
				DB32C835193A92C200B00C6A /* Poll.m in Sources */,
				DB17F7351935AD4B0075AEFB /* HomeVC.m in Sources */,
				DB32C856193AB1EF00B00C6A /* SearchVC.m in Sources */,
				DB32C853193AB1A100B00C6A /* EditProfileVC.m in Sources */,
				DB26563A191EAA220008C752 /* AppDelegate.m in Sources */,
				DB32C83E193AAD6500B00C6A /* Comment.m in Sources */,
				DB32C844193AAE2200B00C6A /* NotificationSettingsVC.m in Sources */,
				DB265636191EAA220008C752 /* main.m in Sources */,
				DB32C84A193AB11D00B00C6A /* FriendsVC.m in Sources */,
			);
			runOnlyForDeploymentPostprocessing = 0;
		};
		DB265646191EAA230008C752 /* Sources */ = {
			isa = PBXSourcesBuildPhase;
			buildActionMask = 2147483647;
			files = (
				DB265658191EAA230008C752 /* TamarinTests.m in Sources */,
			);
			runOnlyForDeploymentPostprocessing = 0;
		};
/* End PBXSourcesBuildPhase section */

/* Begin PBXTargetDependency section */
		DB265650191EAA230008C752 /* PBXTargetDependency */ = {
			isa = PBXTargetDependency;
			target = DB265625191EAA220008C752 /* Tamarin */;
			targetProxy = DB26564F191EAA230008C752 /* PBXContainerItemProxy */;
		};
/* End PBXTargetDependency section */

/* Begin PBXVariantGroup section */
		DB265632191EAA220008C752 /* InfoPlist.strings */ = {
			isa = PBXVariantGroup;
			children = (
				DB265633191EAA220008C752 /* en */,
			);
			name = InfoPlist.strings;
			sourceTree = "<group>";
		};
		DB26563B191EAA220008C752 /* Main.storyboard */ = {
			isa = PBXVariantGroup;
			children = (
				DB26563C191EAA220008C752 /* Base */,
			);
			name = Main.storyboard;
			sourceTree = "<group>";
		};
		DB265654191EAA230008C752 /* InfoPlist.strings */ = {
			isa = PBXVariantGroup;
			children = (
				DB265655191EAA230008C752 /* en */,
			);
			name = InfoPlist.strings;
			sourceTree = "<group>";
		};
/* End PBXVariantGroup section */

/* Begin XCBuildConfiguration section */
		DB265659191EAA230008C752 /* Debug */ = {
			isa = XCBuildConfiguration;
			buildSettings = {
				ALWAYS_SEARCH_USER_PATHS = NO;
				CLANG_CXX_LANGUAGE_STANDARD = "gnu++0x";
				CLANG_CXX_LIBRARY = "libc++";
				CLANG_ENABLE_MODULES = YES;
				CLANG_ENABLE_OBJC_ARC = YES;
				CLANG_WARN_BOOL_CONVERSION = YES;
				CLANG_WARN_CONSTANT_CONVERSION = YES;
				CLANG_WARN_DIRECT_OBJC_ISA_USAGE = YES_ERROR;
				CLANG_WARN_EMPTY_BODY = YES;
				CLANG_WARN_ENUM_CONVERSION = YES;
				CLANG_WARN_INT_CONVERSION = YES;
				CLANG_WARN_OBJC_ROOT_CLASS = YES_ERROR;
				CLANG_WARN__DUPLICATE_METHOD_MATCH = YES;
				"CODE_SIGN_IDENTITY[sdk=iphoneos*]" = "iPhone Developer";
				COPY_PHASE_STRIP = NO;
				GCC_C_LANGUAGE_STANDARD = gnu99;
				GCC_DYNAMIC_NO_PIC = NO;
				GCC_OPTIMIZATION_LEVEL = 0;
				GCC_PREPROCESSOR_DEFINITIONS = (
					"DEBUG=1",
					"$(inherited)",
				);
				GCC_SYMBOLS_PRIVATE_EXTERN = NO;
				GCC_WARN_64_TO_32_BIT_CONVERSION = YES;
				GCC_WARN_ABOUT_RETURN_TYPE = YES_ERROR;
				GCC_WARN_UNDECLARED_SELECTOR = YES;
				GCC_WARN_UNINITIALIZED_AUTOS = YES_AGGRESSIVE;
				GCC_WARN_UNUSED_FUNCTION = YES;
				GCC_WARN_UNUSED_VARIABLE = YES;
				IPHONEOS_DEPLOYMENT_TARGET = 7.1;
				ONLY_ACTIVE_ARCH = YES;
				SDKROOT = iphoneos;
			};
			name = Debug;
		};
		DB26565A191EAA230008C752 /* Release */ = {
			isa = XCBuildConfiguration;
			buildSettings = {
				ALWAYS_SEARCH_USER_PATHS = NO;
				CLANG_CXX_LANGUAGE_STANDARD = "gnu++0x";
				CLANG_CXX_LIBRARY = "libc++";
				CLANG_ENABLE_MODULES = YES;
				CLANG_ENABLE_OBJC_ARC = YES;
				CLANG_WARN_BOOL_CONVERSION = YES;
				CLANG_WARN_CONSTANT_CONVERSION = YES;
				CLANG_WARN_DIRECT_OBJC_ISA_USAGE = YES_ERROR;
				CLANG_WARN_EMPTY_BODY = YES;
				CLANG_WARN_ENUM_CONVERSION = YES;
				CLANG_WARN_INT_CONVERSION = YES;
				CLANG_WARN_OBJC_ROOT_CLASS = YES_ERROR;
				CLANG_WARN__DUPLICATE_METHOD_MATCH = YES;
				"CODE_SIGN_IDENTITY[sdk=iphoneos*]" = "iPhone Developer";
				COPY_PHASE_STRIP = YES;
				ENABLE_NS_ASSERTIONS = NO;
				GCC_C_LANGUAGE_STANDARD = gnu99;
				GCC_WARN_64_TO_32_BIT_CONVERSION = YES;
				GCC_WARN_ABOUT_RETURN_TYPE = YES_ERROR;
				GCC_WARN_UNDECLARED_SELECTOR = YES;
				GCC_WARN_UNINITIALIZED_AUTOS = YES_AGGRESSIVE;
				GCC_WARN_UNUSED_FUNCTION = YES;
				GCC_WARN_UNUSED_VARIABLE = YES;
				IPHONEOS_DEPLOYMENT_TARGET = 7.1;
				SDKROOT = iphoneos;
				VALIDATE_PRODUCT = YES;
			};
			name = Release;
		};
		DB26565C191EAA230008C752 /* Debug */ = {
			isa = XCBuildConfiguration;
			baseConfigurationReference = FFC37536026A4617B537688A /* Pods-Tamarin.xcconfig */;
			buildSettings = {
				ASSETCATALOG_COMPILER_APPICON_NAME = AppIcon;
				ASSETCATALOG_COMPILER_LAUNCHIMAGE_NAME = LaunchImage;
				GCC_PRECOMPILE_PREFIX_HEADER = YES;
				GCC_PREFIX_HEADER = "Tamarin/Tamarin-Prefix.pch";
				INFOPLIST_FILE = "Tamarin/Tamarin-Info.plist";
				PRODUCT_NAME = "$(TARGET_NAME)";
				WRAPPER_EXTENSION = app;
			};
			name = Debug;
		};
		DB26565D191EAA230008C752 /* Release */ = {
			isa = XCBuildConfiguration;
			baseConfigurationReference = FFC37536026A4617B537688A /* Pods-Tamarin.xcconfig */;
			buildSettings = {
				ASSETCATALOG_COMPILER_APPICON_NAME = AppIcon;
				ASSETCATALOG_COMPILER_LAUNCHIMAGE_NAME = LaunchImage;
				GCC_PRECOMPILE_PREFIX_HEADER = YES;
				GCC_PREFIX_HEADER = "Tamarin/Tamarin-Prefix.pch";
				INFOPLIST_FILE = "Tamarin/Tamarin-Info.plist";
				PRODUCT_NAME = "$(TARGET_NAME)";
				WRAPPER_EXTENSION = app;
			};
			name = Release;
		};
		DB26565F191EAA230008C752 /* Debug */ = {
			isa = XCBuildConfiguration;
			buildSettings = {
				BUNDLE_LOADER = "$(BUILT_PRODUCTS_DIR)/Tamarin.app/Tamarin";
				FRAMEWORK_SEARCH_PATHS = (
					"$(SDKROOT)/Developer/Library/Frameworks",
					"$(inherited)",
					"$(DEVELOPER_FRAMEWORKS_DIR)",
				);
				GCC_PRECOMPILE_PREFIX_HEADER = YES;
				GCC_PREFIX_HEADER = "Tamarin/Tamarin-Prefix.pch";
				GCC_PREPROCESSOR_DEFINITIONS = (
					"DEBUG=1",
					"$(inherited)",
				);
				INFOPLIST_FILE = "TamarinTests/TamarinTests-Info.plist";
				PRODUCT_NAME = "$(TARGET_NAME)";
				TEST_HOST = "$(BUNDLE_LOADER)";
				WRAPPER_EXTENSION = xctest;
			};
			name = Debug;
		};
		DB265660191EAA230008C752 /* Release */ = {
			isa = XCBuildConfiguration;
			buildSettings = {
				BUNDLE_LOADER = "$(BUILT_PRODUCTS_DIR)/Tamarin.app/Tamarin";
				FRAMEWORK_SEARCH_PATHS = (
					"$(SDKROOT)/Developer/Library/Frameworks",
					"$(inherited)",
					"$(DEVELOPER_FRAMEWORKS_DIR)",
				);
				GCC_PRECOMPILE_PREFIX_HEADER = YES;
				GCC_PREFIX_HEADER = "Tamarin/Tamarin-Prefix.pch";
				INFOPLIST_FILE = "TamarinTests/TamarinTests-Info.plist";
				PRODUCT_NAME = "$(TARGET_NAME)";
				TEST_HOST = "$(BUNDLE_LOADER)";
				WRAPPER_EXTENSION = xctest;
			};
			name = Release;
		};
/* End XCBuildConfiguration section */

/* Begin XCConfigurationList section */
		DB265621191EAA220008C752 /* Build configuration list for PBXProject "Tamarin" */ = {
			isa = XCConfigurationList;
			buildConfigurations = (
				DB265659191EAA230008C752 /* Debug */,
				DB26565A191EAA230008C752 /* Release */,
			);
			defaultConfigurationIsVisible = 0;
			defaultConfigurationName = Release;
		};
		DB26565B191EAA230008C752 /* Build configuration list for PBXNativeTarget "Tamarin" */ = {
			isa = XCConfigurationList;
			buildConfigurations = (
				DB26565C191EAA230008C752 /* Debug */,
				DB26565D191EAA230008C752 /* Release */,
			);
			defaultConfigurationIsVisible = 0;
			defaultConfigurationName = Release;
		};
		DB26565E191EAA230008C752 /* Build configuration list for PBXNativeTarget "TamarinTests" */ = {
			isa = XCConfigurationList;
			buildConfigurations = (
				DB26565F191EAA230008C752 /* Debug */,
				DB265660191EAA230008C752 /* Release */,
			);
			defaultConfigurationIsVisible = 0;
			defaultConfigurationName = Release;
		};
/* End XCConfigurationList section */
	};
	rootObject = DB26561E191EAA220008C752 /* Project object */;
}
